
Microsoft Visual Studio Solution File, Format Version 12.00
# Visual Studio Version 17
VisualStudioVersion = 17.10.34916.146
MinimumVisualStudioVersion = 10.0.40219.1
Project("{9A19103F-16F7-4668-BE54-9A1E7A4F7556}") = "WheelchairConfigurator", "WheelchairConfigurator\WheelchairConfigurator.csproj", "{462F973E-6562-4C78-9B5B-F57262B8C95D}"
EndProject
Project("{9A19103F-16F7-4668-BE54-9A1E7A4F7556}") = "ConfigurationLogic", "ConfigurationLogic\ConfigurationLogic.csproj", "{18860DBA-4734-4B8F-B3A0-851CB56F896D}"
EndProject
Project("{9A19103F-16F7-4668-BE54-9A1E7A4F7556}") = "DataLayer", "DataLayer\DataLayer.csproj", "{935C06E3-F16B-45AD-BBEF-3074375F07B1}"
EndProject
Project("{FAE04EC0-301F-11D3-BF4B-00C04F79EFBC}") = "ServiceLayer", "ServiceLayer\ServiceLayer.csproj", "{FD19C88C-E3A5-46E4-9B34-7640275B0E07}"
EndProject
Project("{FAE04EC0-301F-11D3-BF4B-00C04F79EFBC}") = "ExportLayer", "ExportLayer\ExportLayer.csproj", "{840C753F-2C52-4F09-B335-5224AA6EB83B}"
EndProject
Global
	GlobalSection(SolutionConfigurationPlatforms) = preSolution
		Debug|Any CPU = Debug|Any CPU
		Release|Any CPU = Release|Any CPU
	EndGlobalSection
	GlobalSection(ProjectConfigurationPlatforms) = postSolution
		{462F973E-6562-4C78-9B5B-F57262B8C95D}.Debug|Any CPU.ActiveCfg = Debug|Any CPU
		{462F973E-6562-4C78-9B5B-F57262B8C95D}.Debug|Any CPU.Build.0 = Debug|Any CPU
		{462F973E-6562-4C78-9B5B-F57262B8C95D}.Debug|Any CPU.Deploy.0 = Debug|Any CPU
		{462F973E-6562-4C78-9B5B-F57262B8C95D}.Release|Any CPU.ActiveCfg = Release|Any CPU
		{462F973E-6562-4C78-9B5B-F57262B8C95D}.Release|Any CPU.Build.0 = Release|Any CPU
		{462F973E-6562-4C78-9B5B-F57262B8C95D}.Release|Any CPU.Deploy.0 = Release|Any CPU
		{18860DBA-4734-4B8F-B3A0-851CB56F896D}.Debug|Any CPU.ActiveCfg = Debug|Any CPU
		{18860DBA-4734-4B8F-B3A0-851CB56F896D}.Debug|Any CPU.Build.0 = Debug|Any CPU
		{18860DBA-4734-4B8F-B3A0-851CB56F896D}.Release|Any CPU.ActiveCfg = Release|Any CPU
		{18860DBA-4734-4B8F-B3A0-851CB56F896D}.Release|Any CPU.Build.0 = Release|Any CPU
		{935C06E3-F16B-45AD-BBEF-3074375F07B1}.Debug|Any CPU.ActiveCfg = Debug|Any CPU
		{935C06E3-F16B-45AD-BBEF-3074375F07B1}.Debug|Any CPU.Build.0 = Debug|Any CPU
		{935C06E3-F16B-45AD-BBEF-3074375F07B1}.Release|Any CPU.ActiveCfg = Release|Any CPU
		{935C06E3-F16B-45AD-BBEF-3074375F07B1}.Release|Any CPU.Build.0 = Release|Any CPU
		{FD19C88C-E3A5-46E4-9B34-7640275B0E07}.Debug|Any CPU.ActiveCfg = Debug|Any CPU
		{FD19C88C-E3A5-46E4-9B34-7640275B0E07}.Debug|Any CPU.Build.0 = Debug|Any CPU
		{FD19C88C-E3A5-46E4-9B34-7640275B0E07}.Release|Any CPU.ActiveCfg = Release|Any CPU
		{FD19C88C-E3A5-46E4-9B34-7640275B0E07}.Release|Any CPU.Build.0 = Release|Any CPU
		{840C753F-2C52-4F09-B335-5224AA6EB83B}.Debug|Any CPU.ActiveCfg = Debug|Any CPU
		{840C753F-2C52-4F09-B335-5224AA6EB83B}.Debug|Any CPU.Build.0 = Debug|Any CPU
		{840C753F-2C52-4F09-B335-5224AA6EB83B}.Release|Any CPU.ActiveCfg = Release|Any CPU
		{840C753F-2C52-4F09-B335-5224AA6EB83B}.Release|Any CPU.Build.0 = Release|Any CPU
	EndGlobalSection
	GlobalSection(SolutionProperties) = preSolution
		HideSolutionNode = FALSE
	EndGlobalSection
	GlobalSection(ExtensibilityGlobals) = postSolution
		SolutionGuid = {FE5F5785-F16F-46DA-9447-ACC3C3E9E862}
	EndGlobalSection
EndGlobal
